
Microsoft Visual Studio Solution File, Format Version 12.00
# Visual Studio Version 17
VisualStudioVersion = 17.10.35122.118
MinimumVisualStudioVersion = 10.0.40219.1
Project("{FAE04EC0-301F-11D3-BF4B-00C04F79EFBC}") = "Aug26", "Aug26\Aug26.csproj", "{F3962A10-CC8C-446D-B004-5E9F2A4E983A}"
EndProject
Global
	GlobalSection(SolutionConfigurationPlatforms) = preSolution
		Debug|Any CPU = Debug|Any CPU
		Release|Any CPU = Release|Any CPU
	EndGlobalSection
	GlobalSection(ProjectConfigurationPlatforms) = postSolution
		{F3962A10-CC8C-446D-B004-5E9F2A4E983A}.Debug|Any CPU.ActiveCfg = Debug|Any CPU
		{F3962A10-CC8C-446D-B004-5E9F2A4E983A}.Debug|Any CPU.Build.0 = Debug|Any CPU
		{F3962A10-CC8C-446D-B004-5E9F2A4E983A}.Release|Any CPU.ActiveCfg = Release|Any CPU
		{F3962A10-CC8C-446D-B004-5E9F2A4E983A}.Release|Any CPU.Build.0 = Release|Any CPU
	EndGlobalSection
	GlobalSection(SolutionProperties) = preSolution
		HideSolutionNode = FALSE
	EndGlobalSection
	GlobalSection(ExtensibilityGlobals) = postSolution
		SolutionGuid = {232DDF03-41AF-44B1-A390-379CC9D37600}
	EndGlobalSection
EndGlobal
