
Microsoft Visual Studio Solution File, Format Version 12.00
# Visual Studio Version 17
VisualStudioVersion = 17.11.35303.130
MinimumVisualStudioVersion = 10.0.40219.1
Project("{FAE04EC0-301F-11D3-BF4B-00C04F79EFBC}") = "Sep11", "Sep11\Sep11.csproj", "{DFCAE831-E2A9-484F-899E-7BEAE0CAF758}"
EndProject
Global
	GlobalSection(SolutionConfigurationPlatforms) = preSolution
		Debug|Any CPU = Debug|Any CPU
		Release|Any CPU = Release|Any CPU
	EndGlobalSection
	GlobalSection(ProjectConfigurationPlatforms) = postSolution
		{DFCAE831-E2A9-484F-899E-7BEAE0CAF758}.Debug|Any CPU.ActiveCfg = Debug|Any CPU
		{DFCAE831-E2A9-484F-899E-7BEAE0CAF758}.Debug|Any CPU.Build.0 = Debug|Any CPU
		{DFCAE831-E2A9-484F-899E-7BEAE0CAF758}.Release|Any CPU.ActiveCfg = Release|Any CPU
		{DFCAE831-E2A9-484F-899E-7BEAE0CAF758}.Release|Any CPU.Build.0 = Release|Any CPU
	EndGlobalSection
	GlobalSection(SolutionProperties) = preSolution
		HideSolutionNode = FALSE
	EndGlobalSection
	GlobalSection(ExtensibilityGlobals) = postSolution
		SolutionGuid = {07DEAB7D-D04E-4443-B2A9-B6ECB5A3382F}
	EndGlobalSection
EndGlobal
