
Microsoft Visual Studio Solution File, Format Version 12.00
# Visual Studio Version 17
VisualStudioVersion = 17.11.35303.130
MinimumVisualStudioVersion = 10.0.40219.1
Project("{FAE04EC0-301F-11D3-BF4B-00C04F79EFBC}") = "Sep16", "Sep16\Sep16.csproj", "{EEB4A938-63EB-4AD5-B101-BC1D421B200B}"
EndProject
Global
	GlobalSection(SolutionConfigurationPlatforms) = preSolution
		Debug|Any CPU = Debug|Any CPU
		Release|Any CPU = Release|Any CPU
	EndGlobalSection
	GlobalSection(ProjectConfigurationPlatforms) = postSolution
		{EEB4A938-63EB-4AD5-B101-BC1D421B200B}.Debug|Any CPU.ActiveCfg = Debug|Any CPU
		{EEB4A938-63EB-4AD5-B101-BC1D421B200B}.Debug|Any CPU.Build.0 = Debug|Any CPU
		{EEB4A938-63EB-4AD5-B101-BC1D421B200B}.Release|Any CPU.ActiveCfg = Release|Any CPU
		{EEB4A938-63EB-4AD5-B101-BC1D421B200B}.Release|Any CPU.Build.0 = Release|Any CPU
	EndGlobalSection
	GlobalSection(SolutionProperties) = preSolution
		HideSolutionNode = FALSE
	EndGlobalSection
	GlobalSection(ExtensibilityGlobals) = postSolution
		SolutionGuid = {8E36FB7C-620D-4B63-8024-560B8433B3E8}
	EndGlobalSection
EndGlobal
