
Microsoft Visual Studio Solution File, Format Version 12.00
# Visual Studio Version 17
VisualStudioVersion = 17.12.35527.113 d17.12
MinimumVisualStudioVersion = 10.0.40219.1
Project("{FAE04EC0-301F-11D3-BF4B-00C04F79EFBC}") = "12 12 24", "12 12 24\12 12 24.csproj", "{12FCE1B1-E066-4531-A40A-858644BF7117}"
EndProject
Global
	GlobalSection(SolutionConfigurationPlatforms) = preSolution
		Debug|Any CPU = Debug|Any CPU
		Release|Any CPU = Release|Any CPU
	EndGlobalSection
	GlobalSection(ProjectConfigurationPlatforms) = postSolution
		{12FCE1B1-E066-4531-A40A-858644BF7117}.Debug|Any CPU.ActiveCfg = Debug|Any CPU
		{12FCE1B1-E066-4531-A40A-858644BF7117}.Debug|Any CPU.Build.0 = Debug|Any CPU
		{12FCE1B1-E066-4531-A40A-858644BF7117}.Release|Any CPU.ActiveCfg = Release|Any CPU
		{12FCE1B1-E066-4531-A40A-858644BF7117}.Release|Any CPU.Build.0 = Release|Any CPU
	EndGlobalSection
	GlobalSection(SolutionProperties) = preSolution
		HideSolutionNode = FALSE
	EndGlobalSection
EndGlobal
