
Microsoft Visual Studio Solution File, Format Version 12.00
# Visual Studio Version 17
VisualStudioVersion = 17.11.35312.102
MinimumVisualStudioVersion = 10.0.40219.1
Project("{FAE04EC0-301F-11D3-BF4B-00C04F79EFBC}") = "Sep26", "Sep26\Sep26.csproj", "{CCB2D0DE-7F69-4204-88C6-A2C50936174C}"
EndProject
Global
	GlobalSection(SolutionConfigurationPlatforms) = preSolution
		Debug|Any CPU = Debug|Any CPU
		Release|Any CPU = Release|Any CPU
	EndGlobalSection
	GlobalSection(ProjectConfigurationPlatforms) = postSolution
		{CCB2D0DE-7F69-4204-88C6-A2C50936174C}.Debug|Any CPU.ActiveCfg = Debug|Any CPU
		{CCB2D0DE-7F69-4204-88C6-A2C50936174C}.Debug|Any CPU.Build.0 = Debug|Any CPU
		{CCB2D0DE-7F69-4204-88C6-A2C50936174C}.Release|Any CPU.ActiveCfg = Release|Any CPU
		{CCB2D0DE-7F69-4204-88C6-A2C50936174C}.Release|Any CPU.Build.0 = Release|Any CPU
	EndGlobalSection
	GlobalSection(SolutionProperties) = preSolution
		HideSolutionNode = FALSE
	EndGlobalSection
	GlobalSection(ExtensibilityGlobals) = postSolution
		SolutionGuid = {9BD18878-B6C0-422E-A133-32FFF47CEFD4}
	EndGlobalSection
EndGlobal
